
Microsoft Visual Studio Solution File, Format Version 12.00
# Visual Studio Version 17
VisualStudioVersion = 17.4.33205.214
MinimumVisualStudioVersion = 10.0.40219.1
Project("{FAE04EC0-301F-11D3-BF4B-00C04F79EFBC}") = "MVC-Challenge", "MVC-Challenge\MVC-Challenge.csproj", "{491BAAF4-C16E-4EA1-81D8-B0361F9BE14C}"
EndProject
Project("{FAE04EC0-301F-11D3-BF4B-00C04F79EFBC}") = "MVC-Challenge.Data", "MVC-Challenge.Data\MVC-Challenge.Data.csproj", "{D71D77E1-B9F7-4DEF-918A-D72B436CDBBD}"
EndProject
Project("{FAE04EC0-301F-11D3-BF4B-00C04F79EFBC}") = "MVC-Challenge.Domain", "MVC-Challenge.Domain\MVC-Challenge.Domain.csproj", "{5E3AF8B1-FEFE-466C-84D5-FC2CCC9661F7}"
EndProject
Global
	GlobalSection(SolutionConfigurationPlatforms) = preSolution
		Debug|Any CPU = Debug|Any CPU
		Release|Any CPU = Release|Any CPU
	EndGlobalSection
	GlobalSection(ProjectConfigurationPlatforms) = postSolution
		{491BAAF4-C16E-4EA1-81D8-B0361F9BE14C}.Debug|Any CPU.ActiveCfg = Debug|Any CPU
		{491BAAF4-C16E-4EA1-81D8-B0361F9BE14C}.Debug|Any CPU.Build.0 = Debug|Any CPU
		{491BAAF4-C16E-4EA1-81D8-B0361F9BE14C}.Release|Any CPU.ActiveCfg = Release|Any CPU
		{491BAAF4-C16E-4EA1-81D8-B0361F9BE14C}.Release|Any CPU.Build.0 = Release|Any CPU
		{D71D77E1-B9F7-4DEF-918A-D72B436CDBBD}.Debug|Any CPU.ActiveCfg = Debug|Any CPU
		{D71D77E1-B9F7-4DEF-918A-D72B436CDBBD}.Debug|Any CPU.Build.0 = Debug|Any CPU
		{D71D77E1-B9F7-4DEF-918A-D72B436CDBBD}.Release|Any CPU.ActiveCfg = Release|Any CPU
		{D71D77E1-B9F7-4DEF-918A-D72B436CDBBD}.Release|Any CPU.Build.0 = Release|Any CPU
		{5E3AF8B1-FEFE-466C-84D5-FC2CCC9661F7}.Debug|Any CPU.ActiveCfg = Debug|Any CPU
		{5E3AF8B1-FEFE-466C-84D5-FC2CCC9661F7}.Debug|Any CPU.Build.0 = Debug|Any CPU
		{5E3AF8B1-FEFE-466C-84D5-FC2CCC9661F7}.Release|Any CPU.ActiveCfg = Release|Any CPU
		{5E3AF8B1-FEFE-466C-84D5-FC2CCC9661F7}.Release|Any CPU.Build.0 = Release|Any CPU
	EndGlobalSection
	GlobalSection(SolutionProperties) = preSolution
		HideSolutionNode = FALSE
	EndGlobalSection
	GlobalSection(ExtensibilityGlobals) = postSolution
		SolutionGuid = {F734DB56-A6E3-4FDD-858C-7CA3C9918A65}
	EndGlobalSection
EndGlobal
